{
  "name": "wechatpay-sdk-ts",
  "version": "1.0.0",
  "lockfileVersion": 2,
  "requires": true,
  "packages": {
    "": {
      "name": "wechatpay-sdk-ts",
      "version": "1.0.0",
      "license": "ISC",
      "dependencies": {
        "crypto": "^1.0.1",
        "lodash": "^4.17.21"
      },
      "devDependencies": {
        "@types/node": "^17.0.21"
      }
    },
    "node_modules/@types/node": {
      "version": "17.0.27",
      "resolved": "https://registry.npmjs.org/@types/node/-/node-17.0.27.tgz",
      "integrity": "sha512-4/Ke7bbWOasuT3kceBZFGakP1dYN2XFd8v2l9bqF2LNWrmeU07JLpp56aEeG6+Q3olqO5TvXpW0yaiYnZJ5CXg==",
      "dev": true
    },
    "node_modules/crypto": {
      "version": "1.0.1",
      "resolved": "https://registry.npmjs.org/crypto/-/crypto-1.0.1.tgz",
      "integrity": "sha512-VxBKmeNcqQdiUQUW2Tzq0t377b54N2bMtXO/qiLa+6eRRmmC4qT3D4OnTGoT/U6O9aklQ/jTwbOtRMTTY8G0Ig==",
      "deprecated": "This package is no longer supported. It's now a built-in Node module. If you've depended on crypto, you should switch to the one that's built-in."
    },
    "node_modules/lodash": {
      "version": "4.17.21",
      "resolved": "https://registry.npmjs.org/lodash/-/lodash-4.17.21.tgz",
      "integrity": "sha512-v2kDEe57lecTulaDIuNTPy3Ry4gLGJ6Z1O3vE1krgXZNrsQ+LFTGHVxVjcXPs17LhbZVGedAJv8XZ1tvj5FvSg=="
    }
  },
  "dependencies": {
    "@types/node": {
      "version": "17.0.27",
      "resolved": "https://registry.npmjs.org/@types/node/-/node-17.0.27.tgz",
      "integrity": "sha512-4/Ke7bbWOasuT3kceBZFGakP1dYN2XFd8v2l9bqF2LNWrmeU07JLpp56aEeG6+Q3olqO5TvXpW0yaiYnZJ5CXg==",
      "dev": true
    },
    "crypto": {
      "version": "1.0.1",
      "resolved": "https://registry.npmjs.org/crypto/-/crypto-1.0.1.tgz",
      "integrity": "sha512-VxBKmeNcqQdiUQUW2Tzq0t377b54N2bMtXO/qiLa+6eRRmmC4qT3D4OnTGoT/U6O9aklQ/jTwbOtRMTTY8G0Ig=="
    },
    "lodash": {
      "version": "4.17.21",
      "resolved": "https://registry.npmjs.org/lodash/-/lodash-4.17.21.tgz",
      "integrity": "sha512-v2kDEe57lecTulaDIuNTPy3Ry4gLGJ6Z1O3vE1krgXZNrsQ+LFTGHVxVjcXPs17LhbZVGedAJv8XZ1tvj5FvSg=="
    }
  }
}
